// !$*UTF8*$!
{
	archiveVersion = 1;
	classes = {
	};
	objectVersion = 46;
	objects = {

/* Begin PBXBuildFile section */
		690078DD1D3C2E9700C87E79 /* AppDelegate.m in Sources */ = {isa = PBXBuildFile; fileRef = 690078CA1D3C2E9600C87E79 /* AppDelegate.m */; };
		690078DE1D3C2E9700C87E79 /* main.m in Sources */ = {isa = PBXBuildFile; fileRef = 690078CB1D3C2E9700C87E79 /* main.m */; };
		690078E31D3C2E9700C87E79 /* iPokedex.xcdatamodeld in Sources */ = {isa = PBXBuildFile; fileRef = 690078D81D3C2E9700C87E79 /* iPokedex.xcdatamodeld */; };
		690078E51D3C2ED300C87E79 /* Default-568h@2x.png in Resources */ = {isa = PBXBuildFile; fileRef = 690078E41D3C2ED300C87E79 /* Default-568h@2x.png */; };
		695B85E01D4FD5D300C74003 /* VFJAbilities.m in Sources */ = {isa = PBXBuildFile; fileRef = 695B85CB1D4FD5D300C74003 /* VFJAbilities.m */; };
		695B85E11D4FD5D300C74003 /* VFJGameIndices.m in Sources */ = {isa = PBXBuildFile; fileRef = 695B85CD1D4FD5D300C74003 /* VFJGameIndices.m */; };
		695B85E21D4FD5D300C74003 /* VFJGeneration.m in Sources */ = {isa = PBXBuildFile; fileRef = 695B85CF1D4FD5D300C74003 /* VFJGeneration.m */; };
		695B85E31D4FD5D300C74003 /* VFJMoves.m in Sources */ = {isa = PBXBuildFile; fileRef = 695B85D11D4FD5D300C74003 /* VFJMoves.m */; };
		695B85E41D4FD5D300C74003 /* VFJNames.m in Sources */ = {isa = PBXBuildFile; fileRef = 695B85D31D4FD5D300C74003 /* VFJNames.m */; };
		695B85E51D4FD5D300C74003 /* VFJPokemon.m in Sources */ = {isa = PBXBuildFile; fileRef = 695B85D51D4FD5D300C74003 /* VFJPokemon.m */; };
		695B85E61D4FD5D300C74003 /* VFJResource.m in Sources */ = {isa = PBXBuildFile; fileRef = 695B85D71D4FD5D300C74003 /* VFJResource.m */; };
		695B85E71D4FD5D300C74003 /* VFJSprites.m in Sources */ = {isa = PBXBuildFile; fileRef = 695B85D91D4FD5D300C74003 /* VFJSprites.m */; };
		695B85E81D4FD5D300C74003 /* VFJStats.m in Sources */ = {isa = PBXBuildFile; fileRef = 695B85DB1D4FD5D300C74003 /* VFJStats.m */; };
		695B85E91D4FD5D300C74003 /* VFJTypes.m in Sources */ = {isa = PBXBuildFile; fileRef = 695B85DD1D4FD5D300C74003 /* VFJTypes.m */; };
		695B85EA1D4FD5D300C74003 /* VFJVersionGroupDetails.m in Sources */ = {isa = PBXBuildFile; fileRef = 695B85DF1D4FD5D300C74003 /* VFJVersionGroupDetails.m */; };
		69A9D01C1D504DE0008B92B8 /* Assets.xcassets in Resources */ = {isa = PBXBuildFile; fileRef = 69A9D0161D504DE0008B92B8 /* Assets.xcassets */; };
		69A9D01D1D504DE0008B92B8 /* LaunchScreen.storyboard in Resources */ = {isa = PBXBuildFile; fileRef = 69A9D0181D504DE0008B92B8 /* LaunchScreen.storyboard */; };
		69A9D01E1D504DE0008B92B8 /* Main.storyboard in Resources */ = {isa = PBXBuildFile; fileRef = 69A9D01A1D504DE0008B92B8 /* Main.storyboard */; };
		69A9D0301D505427008B92B8 /* VFJAboutViewController.m in Sources */ = {isa = PBXBuildFile; fileRef = 69A9D0211D505427008B92B8 /* VFJAboutViewController.m */; };
		69A9D0311D505427008B92B8 /* VFJAboutViewController.xib in Resources */ = {isa = PBXBuildFile; fileRef = 69A9D0221D505427008B92B8 /* VFJAboutViewController.xib */; };
		69A9D0321D505427008B92B8 /* VFJPokemonCell.xib in Resources */ = {isa = PBXBuildFile; fileRef = 69A9D0251D505427008B92B8 /* VFJPokemonCell.xib */; };
		69A9D0331D505427008B92B8 /* VFJPokemonCell.m in Sources */ = {isa = PBXBuildFile; fileRef = 69A9D0271D505427008B92B8 /* VFJPokemonCell.m */; };
		69A9D0341D505427008B92B8 /* VFJDownloadImageView.m in Sources */ = {isa = PBXBuildFile; fileRef = 69A9D0291D505427008B92B8 /* VFJDownloadImageView.m */; };
		69A9D0351D505427008B92B8 /* VFJPokemonDetailViewController.m in Sources */ = {isa = PBXBuildFile; fileRef = 69A9D02B1D505427008B92B8 /* VFJPokemonDetailViewController.m */; };
		69A9D0361D505427008B92B8 /* VFJPokemonDetailViewController.xib in Resources */ = {isa = PBXBuildFile; fileRef = 69A9D02C1D505427008B92B8 /* VFJPokemonDetailViewController.xib */; };
		69A9D0371D505427008B92B8 /* VFJPokedexViewController.m in Sources */ = {isa = PBXBuildFile; fileRef = 69A9D02E1D505427008B92B8 /* VFJPokedexViewController.m */; };
		69A9D0381D505427008B92B8 /* VFJPokedexViewController.xib in Resources */ = {isa = PBXBuildFile; fileRef = 69A9D02F1D505427008B92B8 /* VFJPokedexViewController.xib */; };
		69A9D03D1D50592F008B92B8 /* NSString+Utils.m in Sources */ = {isa = PBXBuildFile; fileRef = 69A9D03A1D50592F008B92B8 /* NSString+Utils.m */; };
		69A9D03E1D50592F008B92B8 /* UIViewController+Utils.m in Sources */ = {isa = PBXBuildFile; fileRef = 69A9D03C1D50592F008B92B8 /* UIViewController+Utils.m */; };
		69A9D0451D506FF6008B92B8 /* VFJPokedexService.m in Sources */ = {isa = PBXBuildFile; fileRef = 69A9D0441D506FF6008B92B8 /* VFJPokedexService.m */; };
/* End PBXBuildFile section */

/* Begin PBXFileReference section */
		690078A91D3C2BD800C87E79 /* iPokedex.app */ = {isa = PBXFileReference; explicitFileType = wrapper.application; includeInIndex = 0; path = iPokedex.app; sourceTree = BUILT_PRODUCTS_DIR; };
		690078C71D3C2E9600C87E79 /* Info.plist */ = {isa = PBXFileReference; fileEncoding = 4; lastKnownFileType = text.plist.xml; path = Info.plist; sourceTree = "<group>"; };
		690078C91D3C2E9600C87E79 /* AppDelegate.h */ = {isa = PBXFileReference; fileEncoding = 4; lastKnownFileType = sourcecode.c.h; path = AppDelegate.h; sourceTree = "<group>"; };
		690078CA1D3C2E9600C87E79 /* AppDelegate.m */ = {isa = PBXFileReference; fileEncoding = 4; lastKnownFileType = sourcecode.c.objc; path = AppDelegate.m; sourceTree = "<group>"; };
		690078CB1D3C2E9700C87E79 /* main.m */ = {isa = PBXFileReference; fileEncoding = 4; lastKnownFileType = sourcecode.c.objc; path = main.m; sourceTree = "<group>"; };
		690078D91D3C2E9700C87E79 /* iPokedex.xcdatamodel */ = {isa = PBXFileReference; lastKnownFileType = wrapper.xcdatamodel; path = iPokedex.xcdatamodel; sourceTree = "<group>"; };
		690078E41D3C2ED300C87E79 /* Default-568h@2x.png */ = {isa = PBXFileReference; lastKnownFileType = image.png; path = "Default-568h@2x.png"; sourceTree = "<group>"; };
		695B85CA1D4FD5D300C74003 /* VFJAbilities.h */ = {isa = PBXFileReference; fileEncoding = 4; lastKnownFileType = sourcecode.c.h; path = VFJAbilities.h; sourceTree = "<group>"; };
		695B85CB1D4FD5D300C74003 /* VFJAbilities.m */ = {isa = PBXFileReference; fileEncoding = 4; lastKnownFileType = sourcecode.c.objc; path = VFJAbilities.m; sourceTree = "<group>"; };
		695B85CC1D4FD5D300C74003 /* VFJGameIndices.h */ = {isa = PBXFileReference; fileEncoding = 4; lastKnownFileType = sourcecode.c.h; path = VFJGameIndices.h; sourceTree = "<group>"; };
		695B85CD1D4FD5D300C74003 /* VFJGameIndices.m */ = {isa = PBXFileReference; fileEncoding = 4; lastKnownFileType = sourcecode.c.objc; path = VFJGameIndices.m; sourceTree = "<group>"; };
		695B85CE1D4FD5D300C74003 /* VFJGeneration.h */ = {isa = PBXFileReference; fileEncoding = 4; lastKnownFileType = sourcecode.c.h; path = VFJGeneration.h; sourceTree = "<group>"; };
		695B85CF1D4FD5D300C74003 /* VFJGeneration.m */ = {isa = PBXFileReference; fileEncoding = 4; lastKnownFileType = sourcecode.c.objc; path = VFJGeneration.m; sourceTree = "<group>"; };
		695B85D01D4FD5D300C74003 /* VFJMoves.h */ = {isa = PBXFileReference; fileEncoding = 4; lastKnownFileType = sourcecode.c.h; path = VFJMoves.h; sourceTree = "<group>"; };
		695B85D11D4FD5D300C74003 /* VFJMoves.m */ = {isa = PBXFileReference; fileEncoding = 4; lastKnownFileType = sourcecode.c.objc; path = VFJMoves.m; sourceTree = "<group>"; };
		695B85D21D4FD5D300C74003 /* VFJNames.h */ = {isa = PBXFileReference; fileEncoding = 4; lastKnownFileType = sourcecode.c.h; path = VFJNames.h; sourceTree = "<group>"; };
		695B85D31D4FD5D300C74003 /* VFJNames.m */ = {isa = PBXFileReference; fileEncoding = 4; lastKnownFileType = sourcecode.c.objc; path = VFJNames.m; sourceTree = "<group>"; };
		695B85D41D4FD5D300C74003 /* VFJPokemon.h */ = {isa = PBXFileReference; fileEncoding = 4; lastKnownFileType = sourcecode.c.h; path = VFJPokemon.h; sourceTree = "<group>"; };
		695B85D51D4FD5D300C74003 /* VFJPokemon.m */ = {isa = PBXFileReference; fileEncoding = 4; lastKnownFileType = sourcecode.c.objc; path = VFJPokemon.m; sourceTree = "<group>"; };
		695B85D61D4FD5D300C74003 /* VFJResource.h */ = {isa = PBXFileReference; fileEncoding = 4; lastKnownFileType = sourcecode.c.h; path = VFJResource.h; sourceTree = "<group>"; };
		695B85D71D4FD5D300C74003 /* VFJResource.m */ = {isa = PBXFileReference; fileEncoding = 4; lastKnownFileType = sourcecode.c.objc; path = VFJResource.m; sourceTree = "<group>"; };
		695B85D81D4FD5D300C74003 /* VFJSprites.h */ = {isa = PBXFileReference; fileEncoding = 4; lastKnownFileType = sourcecode.c.h; path = VFJSprites.h; sourceTree = "<group>"; };
		695B85D91D4FD5D300C74003 /* VFJSprites.m */ = {isa = PBXFileReference; fileEncoding = 4; lastKnownFileType = sourcecode.c.objc; path = VFJSprites.m; sourceTree = "<group>"; };
		695B85DA1D4FD5D300C74003 /* VFJStats.h */ = {isa = PBXFileReference; fileEncoding = 4; lastKnownFileType = sourcecode.c.h; path = VFJStats.h; sourceTree = "<group>"; };
		695B85DB1D4FD5D300C74003 /* VFJStats.m */ = {isa = PBXFileReference; fileEncoding = 4; lastKnownFileType = sourcecode.c.objc; path = VFJStats.m; sourceTree = "<group>"; };
		695B85DC1D4FD5D300C74003 /* VFJTypes.h */ = {isa = PBXFileReference; fileEncoding = 4; lastKnownFileType = sourcecode.c.h; path = VFJTypes.h; sourceTree = "<group>"; };
		695B85DD1D4FD5D300C74003 /* VFJTypes.m */ = {isa = PBXFileReference; fileEncoding = 4; lastKnownFileType = sourcecode.c.objc; path = VFJTypes.m; sourceTree = "<group>"; };
		695B85DE1D4FD5D300C74003 /* VFJVersionGroupDetails.h */ = {isa = PBXFileReference; fileEncoding = 4; lastKnownFileType = sourcecode.c.h; path = VFJVersionGroupDetails.h; sourceTree = "<group>"; };
		695B85DF1D4FD5D300C74003 /* VFJVersionGroupDetails.m */ = {isa = PBXFileReference; fileEncoding = 4; lastKnownFileType = sourcecode.c.objc; path = VFJVersionGroupDetails.m; sourceTree = "<group>"; };
		69A9D0161D504DE0008B92B8 /* Assets.xcassets */ = {isa = PBXFileReference; lastKnownFileType = folder.assetcatalog; path = Assets.xcassets; sourceTree = "<group>"; };
		69A9D0191D504DE0008B92B8 /* Base */ = {isa = PBXFileReference; lastKnownFileType = file.storyboard; name = Base; path = Base.lproj/LaunchScreen.storyboard; sourceTree = "<group>"; };
		69A9D01B1D504DE0008B92B8 /* Base */ = {isa = PBXFileReference; lastKnownFileType = file.storyboard; name = Base; path = Base.lproj/Main.storyboard; sourceTree = "<group>"; };
		69A9D0201D505427008B92B8 /* VFJAboutViewController.h */ = {isa = PBXFileReference; fileEncoding = 4; lastKnownFileType = sourcecode.c.h; path = VFJAboutViewController.h; sourceTree = "<group>"; };
		69A9D0211D505427008B92B8 /* VFJAboutViewController.m */ = {isa = PBXFileReference; fileEncoding = 4; lastKnownFileType = sourcecode.c.objc; path = VFJAboutViewController.m; sourceTree = "<group>"; };
		69A9D0221D505427008B92B8 /* VFJAboutViewController.xib */ = {isa = PBXFileReference; fileEncoding = 4; lastKnownFileType = file.xib; path = VFJAboutViewController.xib; sourceTree = "<group>"; };
		69A9D0251D505427008B92B8 /* VFJPokemonCell.xib */ = {isa = PBXFileReference; fileEncoding = 4; lastKnownFileType = file.xib; path = VFJPokemonCell.xib; sourceTree = "<group>"; };
		69A9D0261D505427008B92B8 /* VFJPokemonCell.h */ = {isa = PBXFileReference; fileEncoding = 4; lastKnownFileType = sourcecode.c.h; path = VFJPokemonCell.h; sourceTree = "<group>"; };
		69A9D0271D505427008B92B8 /* VFJPokemonCell.m */ = {isa = PBXFileReference; fileEncoding = 4; lastKnownFileType = sourcecode.c.objc; path = VFJPokemonCell.m; sourceTree = "<group>"; };
		69A9D0281D505427008B92B8 /* VFJDownloadImageView.h */ = {isa = PBXFileReference; fileEncoding = 4; lastKnownFileType = sourcecode.c.h; path = VFJDownloadImageView.h; sourceTree = "<group>"; };
		69A9D0291D505427008B92B8 /* VFJDownloadImageView.m */ = {isa = PBXFileReference; fileEncoding = 4; lastKnownFileType = sourcecode.c.objc; path = VFJDownloadImageView.m; sourceTree = "<group>"; };
		69A9D02A1D505427008B92B8 /* VFJPokemonDetailViewController.h */ = {isa = PBXFileReference; fileEncoding = 4; lastKnownFileType = sourcecode.c.h; path = VFJPokemonDetailViewController.h; sourceTree = "<group>"; };
		69A9D02B1D505427008B92B8 /* VFJPokemonDetailViewController.m */ = {isa = PBXFileReference; fileEncoding = 4; lastKnownFileType = sourcecode.c.objc; path = VFJPokemonDetailViewController.m; sourceTree = "<group>"; };
		69A9D02C1D505427008B92B8 /* VFJPokemonDetailViewController.xib */ = {isa = PBXFileReference; fileEncoding = 4; lastKnownFileType = file.xib; path = VFJPokemonDetailViewController.xib; sourceTree = "<group>"; };
		69A9D02D1D505427008B92B8 /* VFJPokedexViewController.h */ = {isa = PBXFileReference; fileEncoding = 4; lastKnownFileType = sourcecode.c.h; path = VFJPokedexViewController.h; sourceTree = "<group>"; };
		69A9D02E1D505427008B92B8 /* VFJPokedexViewController.m */ = {isa = PBXFileReference; fileEncoding = 4; lastKnownFileType = sourcecode.c.objc; path = VFJPokedexViewController.m; sourceTree = "<group>"; };
		69A9D02F1D505427008B92B8 /* VFJPokedexViewController.xib */ = {isa = PBXFileReference; fileEncoding = 4; lastKnownFileType = file.xib; path = VFJPokedexViewController.xib; sourceTree = "<group>"; };
		69A9D0391D50592F008B92B8 /* NSString+Utils.h */ = {isa = PBXFileReference; fileEncoding = 4; lastKnownFileType = sourcecode.c.h; path = "NSString+Utils.h"; sourceTree = "<group>"; };
		69A9D03A1D50592F008B92B8 /* NSString+Utils.m */ = {isa = PBXFileReference; fileEncoding = 4; lastKnownFileType = sourcecode.c.objc; path = "NSString+Utils.m"; sourceTree = "<group>"; };
		69A9D03B1D50592F008B92B8 /* UIViewController+Utils.h */ = {isa = PBXFileReference; fileEncoding = 4; lastKnownFileType = sourcecode.c.h; path = "UIViewController+Utils.h"; sourceTree = "<group>"; };
		69A9D03C1D50592F008B92B8 /* UIViewController+Utils.m */ = {isa = PBXFileReference; fileEncoding = 4; lastKnownFileType = sourcecode.c.objc; path = "UIViewController+Utils.m"; sourceTree = "<group>"; };
		69A9D0411D506454008B92B8 /* VFJPokemonProtocol.h */ = {isa = PBXFileReference; fileEncoding = 4; lastKnownFileType = sourcecode.c.h; path = VFJPokemonProtocol.h; sourceTree = "<group>"; };
		69A9D0431D506FF6008B92B8 /* VFJPokedexService.h */ = {isa = PBXFileReference; fileEncoding = 4; lastKnownFileType = sourcecode.c.h; path = VFJPokedexService.h; sourceTree = "<group>"; };
		69A9D0441D506FF6008B92B8 /* VFJPokedexService.m */ = {isa = PBXFileReference; fileEncoding = 4; lastKnownFileType = sourcecode.c.objc; path = VFJPokedexService.m; sourceTree = "<group>"; };
/* End PBXFileReference section */

/* Begin PBXFrameworksBuildPhase section */
		690078A61D3C2BD800C87E79 /* Frameworks */ = {
			isa = PBXFrameworksBuildPhase;
			buildActionMask = 2147483647;
			files = (
			);
			runOnlyForDeploymentPostprocessing = 0;
		};
/* End PBXFrameworksBuildPhase section */

/* Begin PBXGroup section */
		690078A01D3C2BD800C87E79 = {
			isa = PBXGroup;
			children = (
				690078E41D3C2ED300C87E79 /* Default-568h@2x.png */,
				690078AB1D3C2BD800C87E79 /* iPokedex */,
				690078AA1D3C2BD800C87E79 /* Products */,
			);
			sourceTree = "<group>";
		};
		690078AA1D3C2BD800C87E79 /* Products */ = {
			isa = PBXGroup;
			children = (
				690078A91D3C2BD800C87E79 /* iPokedex.app */,
			);
			name = Products;
			sourceTree = "<group>";
		};
		690078AB1D3C2BD800C87E79 /* iPokedex */ = {
			isa = PBXGroup;
			children = (
				690078C61D3C2E9600C87E79 /* Conf */,
				690078C81D3C2E9600C87E79 /* Misc */,
				690078CC1D3C2E9700C87E79 /* Res */,
				690078D21D3C2E9700C87E79 /* Src */,
			);
			path = iPokedex;
			sourceTree = "<group>";
		};
		690078C61D3C2E9600C87E79 /* Conf */ = {
			isa = PBXGroup;
			children = (
				690078C71D3C2E9600C87E79 /* Info.plist */,
			);
			path = Conf;
			sourceTree = "<group>";
		};
		690078C81D3C2E9600C87E79 /* Misc */ = {
			isa = PBXGroup;
			children = (
				690078C91D3C2E9600C87E79 /* AppDelegate.h */,
				690078CA1D3C2E9600C87E79 /* AppDelegate.m */,
				690078CB1D3C2E9700C87E79 /* main.m */,
			);
			path = Misc;
			sourceTree = "<group>";
		};
		690078CC1D3C2E9700C87E79 /* Res */ = {
			isa = PBXGroup;
			children = (
				69A9D0151D504DE0008B92B8 /* Images */,
				69A9D0171D504DE0008B92B8 /* UI */,
			);
			path = Res;
			sourceTree = "<group>";
		};
		690078D21D3C2E9700C87E79 /* Src */ = {
			isa = PBXGroup;
			children = (
				69A9D0421D506FF6008B92B8 /* Services */,
				69A9D03F1D506350008B92B8 /* Protocols */,
				695B85C91D4FD5D300C74003 /* Models */,
				690078D31D3C2E9700C87E79 /* Categories */,
				690078D41D3C2E9700C87E79 /* Controllers */,
				690078D71D3C2E9700C87E79 /* CoreData */,
				690078DA1D3C2E9700C87E79 /* Helpers */,
			);
			path = Src;
			sourceTree = "<group>";
		};
		690078D31D3C2E9700C87E79 /* Categories */ = {
			isa = PBXGroup;
			children = (
				69A9D0391D50592F008B92B8 /* NSString+Utils.h */,
				69A9D03A1D50592F008B92B8 /* NSString+Utils.m */,
				69A9D03B1D50592F008B92B8 /* UIViewController+Utils.h */,
				69A9D03C1D50592F008B92B8 /* UIViewController+Utils.m */,
			);
			path = Categories;
			sourceTree = "<group>";
		};
		690078D41D3C2E9700C87E79 /* Controllers */ = {
			isa = PBXGroup;
			children = (
				69A9D01F1D505427008B92B8 /* About */,
				69A9D0231D505427008B92B8 /* Pokedex */,
			);
			path = Controllers;
			sourceTree = "<group>";
		};
		690078D71D3C2E9700C87E79 /* CoreData */ = {
			isa = PBXGroup;
			children = (
				690078D81D3C2E9700C87E79 /* iPokedex.xcdatamodeld */,
			);
			path = CoreData;
			sourceTree = "<group>";
		};
		690078DA1D3C2E9700C87E79 /* Helpers */ = {
			isa = PBXGroup;
			children = (
			);
			path = Helpers;
			sourceTree = "<group>";
		};
		695B85C91D4FD5D300C74003 /* Models */ = {
			isa = PBXGroup;
			children = (
				695B85CA1D4FD5D300C74003 /* VFJAbilities.h */,
				695B85CB1D4FD5D300C74003 /* VFJAbilities.m */,
				695B85CC1D4FD5D300C74003 /* VFJGameIndices.h */,
				695B85CD1D4FD5D300C74003 /* VFJGameIndices.m */,
				695B85CE1D4FD5D300C74003 /* VFJGeneration.h */,
				695B85CF1D4FD5D300C74003 /* VFJGeneration.m */,
				695B85D01D4FD5D300C74003 /* VFJMoves.h */,
				695B85D11D4FD5D300C74003 /* VFJMoves.m */,
				695B85D21D4FD5D300C74003 /* VFJNames.h */,
				695B85D31D4FD5D300C74003 /* VFJNames.m */,
				695B85D41D4FD5D300C74003 /* VFJPokemon.h */,
				695B85D51D4FD5D300C74003 /* VFJPokemon.m */,
				695B85D61D4FD5D300C74003 /* VFJResource.h */,
				695B85D71D4FD5D300C74003 /* VFJResource.m */,
				695B85D81D4FD5D300C74003 /* VFJSprites.h */,
				695B85D91D4FD5D300C74003 /* VFJSprites.m */,
				695B85DA1D4FD5D300C74003 /* VFJStats.h */,
				695B85DB1D4FD5D300C74003 /* VFJStats.m */,
				695B85DC1D4FD5D300C74003 /* VFJTypes.h */,
				695B85DD1D4FD5D300C74003 /* VFJTypes.m */,
				695B85DE1D4FD5D300C74003 /* VFJVersionGroupDetails.h */,
				695B85DF1D4FD5D300C74003 /* VFJVersionGroupDetails.m */,
			);
			path = Models;
			sourceTree = "<group>";
		};
		69A9D0151D504DE0008B92B8 /* Images */ = {
			isa = PBXGroup;
			children = (
				69A9D0161D504DE0008B92B8 /* Assets.xcassets */,
			);
			path = Images;
			sourceTree = "<group>";
		};
		69A9D0171D504DE0008B92B8 /* UI */ = {
			isa = PBXGroup;
			children = (
				69A9D0181D504DE0008B92B8 /* LaunchScreen.storyboard */,
				69A9D01A1D504DE0008B92B8 /* Main.storyboard */,
			);
			path = UI;
			sourceTree = "<group>";
		};
		69A9D01F1D505427008B92B8 /* About */ = {
			isa = PBXGroup;
			children = (
				69A9D0201D505427008B92B8 /* VFJAboutViewController.h */,
				69A9D0211D505427008B92B8 /* VFJAboutViewController.m */,
				69A9D0221D505427008B92B8 /* VFJAboutViewController.xib */,
			);
			path = About;
			sourceTree = "<group>";
		};
		69A9D0231D505427008B92B8 /* Pokedex */ = {
			isa = PBXGroup;
			children = (
				69A9D0241D505427008B92B8 /* Cells */,
				69A9D02A1D505427008B92B8 /* VFJPokemonDetailViewController.h */,
				69A9D02B1D505427008B92B8 /* VFJPokemonDetailViewController.m */,
				69A9D02C1D505427008B92B8 /* VFJPokemonDetailViewController.xib */,
				69A9D02D1D505427008B92B8 /* VFJPokedexViewController.h */,
				69A9D02E1D505427008B92B8 /* VFJPokedexViewController.m */,
				69A9D02F1D505427008B92B8 /* VFJPokedexViewController.xib */,
			);
			path = Pokedex;
			sourceTree = "<group>";
		};
		69A9D0241D505427008B92B8 /* Cells */ = {
			isa = PBXGroup;
			children = (
				69A9D0251D505427008B92B8 /* VFJPokemonCell.xib */,
				69A9D0261D505427008B92B8 /* VFJPokemonCell.h */,
				69A9D0271D505427008B92B8 /* VFJPokemonCell.m */,
				69A9D0281D505427008B92B8 /* VFJDownloadImageView.h */,
				69A9D0291D505427008B92B8 /* VFJDownloadImageView.m */,
			);
			path = Cells;
			sourceTree = "<group>";
		};
		69A9D03F1D506350008B92B8 /* Protocols */ = {
			isa = PBXGroup;
			children = (
				69A9D0411D506454008B92B8 /* VFJPokemonProtocol.h */,
			);
			path = Protocols;
			sourceTree = "<group>";
		};
		69A9D0421D506FF6008B92B8 /* Services */ = {
			isa = PBXGroup;
			children = (
				69A9D0431D506FF6008B92B8 /* VFJPokedexService.h */,
				69A9D0441D506FF6008B92B8 /* VFJPokedexService.m */,
			);
			path = Services;
			sourceTree = "<group>";
		};
/* End PBXGroup section */

/* Begin PBXNativeTarget section */
		690078A81D3C2BD800C87E79 /* iPokedex */ = {
			isa = PBXNativeTarget;
			buildConfigurationList = 690078C31D3C2BD800C87E79 /* Build configuration list for PBXNativeTarget "iPokedex" */;
			buildPhases = (
				690078A51D3C2BD800C87E79 /* Sources */,
				690078A61D3C2BD800C87E79 /* Frameworks */,
				690078A71D3C2BD800C87E79 /* Resources */,
			);
			buildRules = (
			);
			dependencies = (
			);
			name = iPokedex;
			productName = iPokedex;
			productReference = 690078A91D3C2BD800C87E79 /* iPokedex.app */;
			productType = "com.apple.product-type.application";
		};
/* End PBXNativeTarget section */

/* Begin PBXProject section */
		690078A11D3C2BD800C87E79 /* Project object */ = {
			isa = PBXProject;
			attributes = {
				CLASSPREFIX = VFJ;
				LastUpgradeCheck = 0720;
				ORGANIZATIONNAME = "Cast Group";
				TargetAttributes = {
					690078A81D3C2BD800C87E79 = {
						CreatedOnToolsVersion = 7.2.1;
					};
				};
			};
			buildConfigurationList = 690078A41D3C2BD800C87E79 /* Build configuration list for PBXProject "iPokedex" */;
			compatibilityVersion = "Xcode 3.2";
			developmentRegion = English;
			hasScannedForEncodings = 0;
			knownRegions = (
				en,
				Base,
			);
			mainGroup = 690078A01D3C2BD800C87E79;
			productRefGroup = 690078AA1D3C2BD800C87E79 /* Products */;
			projectDirPath = "";
			projectRoot = "";
			targets = (
				690078A81D3C2BD800C87E79 /* iPokedex */,
			);
		};
/* End PBXProject section */

/* Begin PBXResourcesBuildPhase section */
		690078A71D3C2BD800C87E79 /* Resources */ = {
			isa = PBXResourcesBuildPhase;
			buildActionMask = 2147483647;
			files = (
				69A9D01D1D504DE0008B92B8 /* LaunchScreen.storyboard in Resources */,
				69A9D0361D505427008B92B8 /* VFJPokemonDetailViewController.xib in Resources */,
				69A9D0381D505427008B92B8 /* VFJPokedexViewController.xib in Resources */,
				69A9D01C1D504DE0008B92B8 /* Assets.xcassets in Resources */,
				69A9D0311D505427008B92B8 /* VFJAboutViewController.xib in Resources */,
				690078E51D3C2ED300C87E79 /* Default-568h@2x.png in Resources */,
				69A9D0321D505427008B92B8 /* VFJPokemonCell.xib in Resources */,
				69A9D01E1D504DE0008B92B8 /* Main.storyboard in Resources */,
			);
			runOnlyForDeploymentPostprocessing = 0;
		};
/* End PBXResourcesBuildPhase section */

/* Begin PBXSourcesBuildPhase section */
		690078A51D3C2BD800C87E79 /* Sources */ = {
			isa = PBXSourcesBuildPhase;
			buildActionMask = 2147483647;
			files = (
				69A9D0371D505427008B92B8 /* VFJPokedexViewController.m in Sources */,
				690078DE1D3C2E9700C87E79 /* main.m in Sources */,
				695B85E91D4FD5D300C74003 /* VFJTypes.m in Sources */,
				695B85E51D4FD5D300C74003 /* VFJPokemon.m in Sources */,
				695B85E21D4FD5D300C74003 /* VFJGeneration.m in Sources */,
				695B85E61D4FD5D300C74003 /* VFJResource.m in Sources */,
				695B85E11D4FD5D300C74003 /* VFJGameIndices.m in Sources */,
				69A9D0451D506FF6008B92B8 /* VFJPokedexService.m in Sources */,
				69A9D03D1D50592F008B92B8 /* NSString+Utils.m in Sources */,
				695B85E41D4FD5D300C74003 /* VFJNames.m in Sources */,
				69A9D0351D505427008B92B8 /* VFJPokemonDetailViewController.m in Sources */,
				69A9D03E1D50592F008B92B8 /* UIViewController+Utils.m in Sources */,
				69A9D0341D505427008B92B8 /* VFJDownloadImageView.m in Sources */,
				695B85E81D4FD5D300C74003 /* VFJStats.m in Sources */,
				695B85EA1D4FD5D300C74003 /* VFJVersionGroupDetails.m in Sources */,
				69A9D0331D505427008B92B8 /* VFJPokemonCell.m in Sources */,
				695B85E01D4FD5D300C74003 /* VFJAbilities.m in Sources */,
				695B85E31D4FD5D300C74003 /* VFJMoves.m in Sources */,
				690078E31D3C2E9700C87E79 /* iPokedex.xcdatamodeld in Sources */,
				690078DD1D3C2E9700C87E79 /* AppDelegate.m in Sources */,
				69A9D0301D505427008B92B8 /* VFJAboutViewController.m in Sources */,
				695B85E71D4FD5D300C74003 /* VFJSprites.m in Sources */,
			);
			runOnlyForDeploymentPostprocessing = 0;
		};
/* End PBXSourcesBuildPhase section */

/* Begin PBXVariantGroup section */
		69A9D0181D504DE0008B92B8 /* LaunchScreen.storyboard */ = {
			isa = PBXVariantGroup;
			children = (
				69A9D0191D504DE0008B92B8 /* Base */,
			);
			name = LaunchScreen.storyboard;
			sourceTree = "<group>";
		};
		69A9D01A1D504DE0008B92B8 /* Main.storyboard */ = {
			isa = PBXVariantGroup;
			children = (
				69A9D01B1D504DE0008B92B8 /* Base */,
			);
			name = Main.storyboard;
			sourceTree = "<group>";
		};
/* End PBXVariantGroup section */

/* Begin XCBuildConfiguration section */
		690078C11D3C2BD800C87E79 /* Debug */ = {
			isa = XCBuildConfiguration;
			buildSettings = {
				ALWAYS_SEARCH_USER_PATHS = NO;
				CLANG_CXX_LANGUAGE_STANDARD = "gnu++0x";
				CLANG_CXX_LIBRARY = "libc++";
				CLANG_ENABLE_MODULES = YES;
				CLANG_ENABLE_OBJC_ARC = YES;
				CLANG_WARN_BOOL_CONVERSION = YES;
				CLANG_WARN_CONSTANT_CONVERSION = YES;
				CLANG_WARN_DIRECT_OBJC_ISA_USAGE = YES_ERROR;
				CLANG_WARN_EMPTY_BODY = YES;
				CLANG_WARN_ENUM_CONVERSION = YES;
				CLANG_WARN_INT_CONVERSION = YES;
				CLANG_WARN_OBJC_ROOT_CLASS = YES_ERROR;
				CLANG_WARN_UNREACHABLE_CODE = YES;
				CLANG_WARN__DUPLICATE_METHOD_MATCH = YES;
				"CODE_SIGN_IDENTITY[sdk=iphoneos*]" = "iPhone Developer";
				COPY_PHASE_STRIP = NO;
				DEBUG_INFORMATION_FORMAT = dwarf;
				ENABLE_STRICT_OBJC_MSGSEND = YES;
				ENABLE_TESTABILITY = YES;
				GCC_C_LANGUAGE_STANDARD = gnu99;
				GCC_DYNAMIC_NO_PIC = NO;
				GCC_NO_COMMON_BLOCKS = YES;
				GCC_OPTIMIZATION_LEVEL = 0;
				GCC_PREPROCESSOR_DEFINITIONS = (
					"DEBUG=1",
					"$(inherited)",
				);
				GCC_WARN_64_TO_32_BIT_CONVERSION = YES;
				GCC_WARN_ABOUT_RETURN_TYPE = YES_ERROR;
				GCC_WARN_UNDECLARED_SELECTOR = YES;
				GCC_WARN_UNINITIALIZED_AUTOS = YES_AGGRESSIVE;
				GCC_WARN_UNUSED_FUNCTION = YES;
				GCC_WARN_UNUSED_VARIABLE = YES;
				IPHONEOS_DEPLOYMENT_TARGET = 9.2;
				MTL_ENABLE_DEBUG_INFO = YES;
				ONLY_ACTIVE_ARCH = YES;
				SDKROOT = iphoneos;
				TARGETED_DEVICE_FAMILY = "1,2";
			};
			name = Debug;
		};
		690078C21D3C2BD800C87E79 /* Release */ = {
			isa = XCBuildConfiguration;
			buildSettings = {
				ALWAYS_SEARCH_USER_PATHS = NO;
				CLANG_CXX_LANGUAGE_STANDARD = "gnu++0x";
				CLANG_CXX_LIBRARY = "libc++";
				CLANG_ENABLE_MODULES = YES;
				CLANG_ENABLE_OBJC_ARC = YES;
				CLANG_WARN_BOOL_CONVERSION = YES;
				CLANG_WARN_CONSTANT_CONVERSION = YES;
				CLANG_WARN_DIRECT_OBJC_ISA_USAGE = YES_ERROR;
				CLANG_WARN_EMPTY_BODY = YES;
				CLANG_WARN_ENUM_CONVERSION = YES;
				CLANG_WARN_INT_CONVERSION = YES;
				CLANG_WARN_OBJC_ROOT_CLASS = YES_ERROR;
				CLANG_WARN_UNREACHABLE_CODE = YES;
				CLANG_WARN__DUPLICATE_METHOD_MATCH = YES;
				"CODE_SIGN_IDENTITY[sdk=iphoneos*]" = "iPhone Developer";
				COPY_PHASE_STRIP = NO;
				DEBUG_INFORMATION_FORMAT = "dwarf-with-dsym";
				ENABLE_NS_ASSERTIONS = NO;
				ENABLE_STRICT_OBJC_MSGSEND = YES;
				GCC_C_LANGUAGE_STANDARD = gnu99;
				GCC_NO_COMMON_BLOCKS = YES;
				GCC_WARN_64_TO_32_BIT_CONVERSION = YES;
				GCC_WARN_ABOUT_RETURN_TYPE = YES_ERROR;
				GCC_WARN_UNDECLARED_SELECTOR = YES;
				GCC_WARN_UNINITIALIZED_AUTOS = YES_AGGRESSIVE;
				GCC_WARN_UNUSED_FUNCTION = YES;
				GCC_WARN_UNUSED_VARIABLE = YES;
				IPHONEOS_DEPLOYMENT_TARGET = 9.2;
				MTL_ENABLE_DEBUG_INFO = NO;
				SDKROOT = iphoneos;
				TARGETED_DEVICE_FAMILY = "1,2";
				VALIDATE_PRODUCT = YES;
			};
			name = Release;
		};
		690078C41D3C2BD800C87E79 /* Debug */ = {
			isa = XCBuildConfiguration;
			buildSettings = {
				ASSETCATALOG_COMPILER_APPICON_NAME = AppIcon;
				CODE_SIGN_IDENTITY = "iPhone Developer";
				INFOPLIST_FILE = "$(SRCROOT)/iPokedex/Conf/Info.plist";
				LD_RUNPATH_SEARCH_PATHS = "$(inherited) @executable_path/Frameworks";
				PRODUCT_BUNDLE_IDENTIFIER = br.com.castgroup.iPokedex;
				PRODUCT_NAME = "$(TARGET_NAME)";
			};
			name = Debug;
		};
		690078C51D3C2BD800C87E79 /* Release */ = {
			isa = XCBuildConfiguration;
			buildSettings = {
				ASSETCATALOG_COMPILER_APPICON_NAME = AppIcon;
				CODE_SIGN_IDENTITY = "iPhone Developer";
				INFOPLIST_FILE = "$(SRCROOT)/iPokedex/Conf/Info.plist";
				LD_RUNPATH_SEARCH_PATHS = "$(inherited) @executable_path/Frameworks";
				PRODUCT_BUNDLE_IDENTIFIER = br.com.castgroup.iPokedex;
				PRODUCT_NAME = "$(TARGET_NAME)";
			};
			name = Release;
		};
/* End XCBuildConfiguration section */

/* Begin XCConfigurationList section */
		690078A41D3C2BD800C87E79 /* Build configuration list for PBXProject "iPokedex" */ = {
			isa = XCConfigurationList;
			buildConfigurations = (
				690078C11D3C2BD800C87E79 /* Debug */,
				690078C21D3C2BD800C87E79 /* Release */,
			);
			defaultConfigurationIsVisible = 0;
			defaultConfigurationName = Release;
		};
		690078C31D3C2BD800C87E79 /* Build configuration list for PBXNativeTarget "iPokedex" */ = {
			isa = XCConfigurationList;
			buildConfigurations = (
				690078C41D3C2BD800C87E79 /* Debug */,
				690078C51D3C2BD800C87E79 /* Release */,
			);
			defaultConfigurationIsVisible = 0;
			defaultConfigurationName = Release;
		};
/* End XCConfigurationList section */

/* Begin XCVersionGroup section */
		690078D81D3C2E9700C87E79 /* iPokedex.xcdatamodeld */ = {
			isa = XCVersionGroup;
			children = (
				690078D91D3C2E9700C87E79 /* iPokedex.xcdatamodel */,
			);
			currentVersion = 690078D91D3C2E9700C87E79 /* iPokedex.xcdatamodel */;
			path = iPokedex.xcdatamodeld;
			sourceTree = "<group>";
			versionGroupType = wrapper.xcdatamodel;
		};
/* End XCVersionGroup section */
	};
	rootObject = 690078A11D3C2BD800C87E79 /* Project object */;
}
